
Microsoft Visual Studio Solution File, Format Version 12.00
# Visual Studio Version 16
VisualStudioVersion = 16.0.32106.194
MinimumVisualStudioVersion = 10.0.40219.1
Project("{888888A0-9F3D-457C-B088-3A5042F75D52}") = "sioGD", "sioGD\sioGD.pyproj", "{8CDA8929-841A-4F0D-B3F8-64E55F8DC895}"
EndProject
Global
	GlobalSection(SolutionConfigurationPlatforms) = preSolution
		Debug|Any CPU = Debug|Any CPU
		Release|Any CPU = Release|Any CPU
	EndGlobalSection
	GlobalSection(ProjectConfigurationPlatforms) = postSolution
		{8CDA8929-841A-4F0D-B3F8-64E55F8DC895}.Debug|Any CPU.ActiveCfg = Debug|Any CPU
		{8CDA8929-841A-4F0D-B3F8-64E55F8DC895}.Debug|Any CPU.Build.0 = Debug|Any CPU
		{8CDA8929-841A-4F0D-B3F8-64E55F8DC895}.Release|Any CPU.ActiveCfg = Release|Any CPU
		{8CDA8929-841A-4F0D-B3F8-64E55F8DC895}.Release|Any CPU.Build.0 = Release|Any CPU
	EndGlobalSection
	GlobalSection(SolutionProperties) = preSolution
		HideSolutionNode = FALSE
	EndGlobalSection
	GlobalSection(ExtensibilityGlobals) = postSolution
		SolutionGuid = {09F7EC54-7898-4352-9CE6-4A373A471693}
	EndGlobalSection
EndGlobal
